{
  "nodes": {
    "devshell": {
      "inputs": {
        "flake-utils": "flake-utils",
        "nixpkgs": [
          "srvos",
          "nixpkgs"
        ]
      },
      "locked": {
        "lastModified": 1711099426,
        "narHash": "sha256-HzpgM/wc3aqpnHJJ2oDqPBkNsqWbW0WfWUO8lKu8nGk=",
        "owner": "numtide",
        "repo": "devshell",
        "rev": "2d45b54ca4a183f2fdcf4b19c895b64fbf620ee8",
        "type": "github"
      },
      "original": {
        "owner": "numtide",
        "repo": "devshell",
        "type": "github"
      }
    },
    "flake-linter": {
      "inputs": {
        "flake-parts": [
          "flake-parts"
        ],
        "nixpkgs": "nixpkgs"
      },
      "locked": {
        "lastModified": 1707329590,
        "narHash": "sha256-dJ6pxjVIEBJd53+MD7tDLJ2H8/q5mjIgVns0H5X1nlQ=",
        "owner": "mic92",
        "repo": "flake-linter",
        "rev": "3156a6cab9ae0e8c4624034ed3581813f7b9c856",
        "type": "github"
      },
      "original": {
        "owner": "mic92",
        "repo": "flake-linter",
        "type": "github"
      }
    },
    "flake-parts": {
      "inputs": {
        "nixpkgs-lib": "nixpkgs-lib"
      },
      "locked": {
        "lastModified": 1709336216,
        "narHash": "sha256-Dt/wOWeW6Sqm11Yh+2+t0dfEWxoMxGBvv3JpIocFl9E=",
        "owner": "hercules-ci",
        "repo": "flake-parts",
        "rev": "f7b3c975cf067e56e7cda6cb098ebe3fb4d74ca2",
        "type": "github"
      },
      "original": {
        "owner": "hercules-ci",
        "repo": "flake-parts",
        "type": "github"
      }
    },
    "flake-root": {
      "locked": {
        "lastModified": 1692742795,
        "narHash": "sha256-f+Y0YhVCIJ06LemO+3Xx00lIcqQxSKJHXT/yk1RTKxw=",
        "owner": "srid",
        "repo": "flake-root",
        "rev": "d9a70d9c7a5fd7f3258ccf48da9335e9b47c3937",
        "type": "github"
      },
      "original": {
        "owner": "srid",
        "repo": "flake-root",
        "type": "github"
      }
    },
    "flake-utils": {
      "inputs": {
        "systems": "systems"
      },
      "locked": {
        "lastModified": 1701680307,
        "narHash": "sha256-kAuep2h5ajznlPMD9rnQyffWG8EM/C73lejGofXvdM8=",
        "owner": "numtide",
        "repo": "flake-utils",
        "rev": "4022d587cbbfd70fe950c1e2083a02621806a725",
        "type": "github"
      },
      "original": {
        "owner": "numtide",
        "repo": "flake-utils",
        "type": "github"
      }
    },
    "gomod2nix": {
      "inputs": {
        "flake-utils": [
          "devshell",
          "flake-utils"
        ],
        "nixpkgs": [
          "srvos",
          "nixpkgs"
        ]
      },
      "locked": {
        "lastModified": 1710154385,
        "narHash": "sha256-4c3zQ2YY4BZOufaBJB4v9VBBeN2dH7iVdoJw8SDNCfI=",
        "owner": "nix-community",
        "repo": "gomod2nix",
        "rev": "872b63ddd28f318489c929d25f1f0a3c6039c971",
        "type": "github"
      },
      "original": {
        "owner": "nix-community",
        "repo": "gomod2nix",
        "type": "github"
      }
    },
    "harmonia": {
      "inputs": {
        "flake-parts": [
          "flake-parts"
        ],
        "nixpkgs": [
          "srvos",
          "nixpkgs"
        ],
        "treefmt-nix": [
          "treefmt-nix"
        ]
      },
      "locked": {
        "lastModified": 1711038831,
        "narHash": "sha256-QqRq5maYk4hDl0MXkj9wOPWUta5b+kXG9e/kqRorNE4=",
        "owner": "nix-community",
        "repo": "harmonia",
        "rev": "d6893c24dc750a74b99ddd082e1e3f6a39bc8d79",
        "type": "github"
      },
      "original": {
        "owner": "nix-community",
        "repo": "harmonia",
        "type": "github"
      }
    },
    "nex-source": {
      "flake": false,
      "locked": {
        "lastModified": 1707493189,
        "narHash": "sha256-+rMSWFuCJfs9LwgQQRAQcAkK+dkWgKTp6WnQrEN2Dn8=",
        "owner": "brianmcgee",
        "repo": "nex",
        "rev": "a88b37007686bdfd06425cc732390e7fd9cb9742",
        "type": "github"
      },
      "original": {
        "owner": "brianmcgee",
        "ref": "feat/better-path",
        "repo": "nex",
        "type": "github"
      }
    },
    "nix-lib": {
      "inputs": {
        "flake-parts": [
          "flake-parts"
        ],
        "flake-root": "flake-root",
        "nixpkgs": [
          "srvos",
          "nixpkgs"
        ],
        "treefmt-nix": [
          "treefmt-nix"
        ]
      },
      "locked": {
        "lastModified": 1706529159,
        "narHash": "sha256-uDtqEvEV2TFRRtTvwVIybnEK7SabWCTdS3KvyWMnKAs=",
        "owner": "brianmcgee",
        "repo": "nix-lib",
        "rev": "14bf65dcd9f5c1a8763d6e9143fca878d61e2ad6",
        "type": "github"
      },
      "original": {
        "owner": "brianmcgee",
        "repo": "nix-lib",
        "type": "github"
      }
    },
    "nixlib": {
      "locked": {
        "lastModified": 1710636348,
        "narHash": "sha256-/kB+ZWSdkZjbZ0FTqm0u84sf2jFS+30ysaEajmBjtoY=",
        "owner": "nix-community",
        "repo": "nixpkgs.lib",
        "rev": "fa827dda806c5aa98f454da4c567991ab8ce422c",
        "type": "github"
      },
      "original": {
        "owner": "nix-community",
        "repo": "nixpkgs.lib",
        "type": "github"
      }
    },
    "nixos-generators": {
      "inputs": {
        "nixlib": "nixlib",
        "nixpkgs": [
          "srvos",
          "nixpkgs"
        ]
      },
      "locked": {
        "lastModified": 1711108213,
        "narHash": "sha256-Q8cwpA2LQOInqeXVckrfFlbzHB8HOWrYntuOxqn3A3g=",
        "owner": "nix-community",
        "repo": "nixos-generators",
        "rev": "417a857dfb824e60930881a254dd67d6796f5884",
        "type": "github"
      },
      "original": {
        "owner": "nix-community",
        "repo": "nixos-generators",
        "type": "github"
      }
    },
    "nixpkgs": {
      "locked": {
        "lastModified": 1705133751,
        "narHash": "sha256-rCIsyE80jgiOU78gCWN3A0wE0tR2GI5nH6MlS+HaaSQ=",
        "owner": "NixOS",
        "repo": "nixpkgs",
        "rev": "9b19f5e77dd906cb52dade0b7bd280339d2a1f3d",
        "type": "github"
      },
      "original": {
        "owner": "NixOS",
        "ref": "nixos-unstable",
        "repo": "nixpkgs",
        "type": "github"
      }
    },
    "nixpkgs-lib": {
      "locked": {
        "dir": "lib",
        "lastModified": 1709237383,
        "narHash": "sha256-cy6ArO4k5qTx+l5o+0mL9f5fa86tYUX3ozE1S+Txlds=",
        "owner": "NixOS",
        "repo": "nixpkgs",
        "rev": "1536926ef5621b09bba54035ae2bb6d806d72ac8",
        "type": "github"
      },
      "original": {
        "dir": "lib",
        "owner": "NixOS",
        "ref": "nixos-unstable",
        "repo": "nixpkgs",
        "type": "github"
      }
    },
    "nixpkgs_2": {
      "locked": {
        "lastModified": 1710938121,
        "narHash": "sha256-AJBv/MEktbJ+sHf1G6rdPmde3IapsG/2/5TLsk6KfZk=",
        "owner": "NixOS",
        "repo": "nixpkgs",
        "rev": "66e2e75c671f9a674a28d340e59a0157efb6f905",
        "type": "github"
      },
      "original": {
        "owner": "NixOS",
        "ref": "nixos-unstable-small",
        "repo": "nixpkgs",
        "type": "github"
      }
    },
    "process-compose-flake": {
      "locked": {
        "lastModified": 1708624100,
        "narHash": "sha256-zZPheCD9JGg2EtK4A9BsIdyl8447egOow4fjIfHFHRg=",
        "owner": "Platonic-Systems",
        "repo": "process-compose-flake",
        "rev": "44d260ddba5a51570dee54d5cd4d8984edaf98c2",
        "type": "github"
      },
      "original": {
        "owner": "Platonic-Systems",
        "repo": "process-compose-flake",
        "type": "github"
      }
    },
    "root": {
      "inputs": {
        "devshell": "devshell",
        "flake-linter": "flake-linter",
        "flake-parts": "flake-parts",
        "flake-root": [
          "nix-lib",
          "flake-root"
        ],
        "gomod2nix": "gomod2nix",
        "harmonia": "harmonia",
        "nex-source": "nex-source",
        "nix-lib": "nix-lib",
        "nixos-generators": "nixos-generators",
        "nixpkgs": [
          "srvos",
          "nixpkgs"
        ],
        "process-compose-flake": "process-compose-flake",
        "srvos": "srvos",
        "tc-redirect-tap-source": "tc-redirect-tap-source",
        "treefmt-nix": "treefmt-nix"
      }
    },
    "srvos": {
      "inputs": {
        "nixpkgs": "nixpkgs_2"
      },
      "locked": {
        "lastModified": 1710982111,
        "narHash": "sha256-IKcJnJwLnNXcnTZY4vxhQ0zEkZvr7srhXSZpxa3IiHA=",
        "owner": "numtide",
        "repo": "srvos",
        "rev": "918e2ad35a9ce4071e9bc72e82ad97a65c8b861b",
        "type": "github"
      },
      "original": {
        "owner": "numtide",
        "repo": "srvos",
        "type": "github"
      }
    },
    "systems": {
      "locked": {
        "lastModified": 1681028828,
        "narHash": "sha256-Vy1rq5AaRuLzOxct8nz4T6wlgyUR7zLU309k9mBC768=",
        "owner": "nix-systems",
        "repo": "default",
        "rev": "da67096a3b9bf56a91d16901293e51ba5b49a27e",
        "type": "github"
      },
      "original": {
        "owner": "nix-systems",
        "repo": "default",
        "type": "github"
      }
    },
    "tc-redirect-tap-source": {
      "flake": false,
      "locked": {
        "lastModified": 1711036514,
        "narHash": "sha256-r6xIOEHp1g/qvfCY5r5zuNfdaC/JPD2pnOJGlombXWM=",
        "owner": "awslabs",
        "repo": "tc-redirect-tap",
        "rev": "f4bce16532c34740691b2e10c3945020a3c4fd5e",
        "type": "github"
      },
      "original": {
        "owner": "awslabs",
        "repo": "tc-redirect-tap",
        "type": "github"
      }
    },
    "treefmt-nix": {
      "inputs": {
        "nixpkgs": [
          "srvos",
          "nixpkgs"
        ]
      },
      "locked": {
        "lastModified": 1710781103,
        "narHash": "sha256-nehQK/XTFxfa6rYKtbi8M1w+IU1v5twYhiyA4dg1vpg=",
        "owner": "numtide",
        "repo": "treefmt-nix",
        "rev": "7ee5aaac63c30d3c97a8c56efe89f3b2aa9ae564",
        "type": "github"
      },
      "original": {
        "owner": "numtide",
        "repo": "treefmt-nix",
        "type": "github"
      }
    }
  },
  "root": "root",
  "version": 7
}
